// !$*UTF8*$!
{
	archiveVersion = 1;
	classes = {
	};
	objectVersion = 50;
	objects = {

/* Begin PBXBuildFile section */
		FF0C8F7F24E93BE300DF96A5 /* AppDelegate.swift in Sources */ = {isa = PBXBuildFile; fileRef = FF0C8F7E24E93BE300DF96A5 /* AppDelegate.swift */; };
		FF0C8F8124E93BE300DF96A5 /* SceneDelegate.swift in Sources */ = {isa = PBXBuildFile; fileRef = FF0C8F8024E93BE300DF96A5 /* SceneDelegate.swift */; };
		FF0C8F8324E93BE300DF96A5 /* ContentView.swift in Sources */ = {isa = PBXBuildFile; fileRef = FF0C8F8224E93BE300DF96A5 /* ContentView.swift */; };
		FF0C8F8524E93BE400DF96A5 /* Assets.xcassets in Resources */ = {isa = PBXBuildFile; fileRef = FF0C8F8424E93BE400DF96A5 /* Assets.xcassets */; };
		FF0C8F8824E93BE400DF96A5 /* Preview Assets.xcassets in Resources */ = {isa = PBXBuildFile; fileRef = FF0C8F8724E93BE400DF96A5 /* Preview Assets.xcassets */; };
		FF0C8F8B24E93BE400DF96A5 /* LaunchScreen.storyboard in Resources */ = {isa = PBXBuildFile; fileRef = FF0C8F8924E93BE400DF96A5 /* LaunchScreen.storyboard */; };
		FF0C8F9624E93BE400DF96A5 /* iWeatherTests.swift in Sources */ = {isa = PBXBuildFile; fileRef = FF0C8F9524E93BE400DF96A5 /* iWeatherTests.swift */; };
		FF0C8FA124E93BE400DF96A5 /* iWeatherUITests.swift in Sources */ = {isa = PBXBuildFile; fileRef = FF0C8FA024E93BE400DF96A5 /* iWeatherUITests.swift */; };
		FFEB225024E943F4002D16E4 /* WeatherStore.swift in Sources */ = {isa = PBXBuildFile; fileRef = FFEB224F24E943F4002D16E4 /* WeatherStore.swift */; };
		FFEB225224E9440D002D16E4 /* WeatherViewModel.swift in Sources */ = {isa = PBXBuildFile; fileRef = FFEB225124E9440D002D16E4 /* WeatherViewModel.swift */; };
		FFEB225324E9440D002D16E4 /* WeatherViewModel.swift in Sources */ = {isa = PBXBuildFile; fileRef = FFEB225124E9440D002D16E4 /* WeatherViewModel.swift */; };
		FFEB225524E949CA002D16E4 /* weather.json in Resources */ = {isa = PBXBuildFile; fileRef = FFEB225424E949CA002D16E4 /* weather.json */; };
/* End PBXBuildFile section */

/* Begin PBXContainerItemProxy section */
		FF0C8F9224E93BE400DF96A5 /* PBXContainerItemProxy */ = {
			isa = PBXContainerItemProxy;
			containerPortal = FF0C8F7324E93BE300DF96A5 /* Project object */;
			proxyType = 1;
			remoteGlobalIDString = FF0C8F7A24E93BE300DF96A5;
			remoteInfo = iWeather;
		};
		FF0C8F9D24E93BE400DF96A5 /* PBXContainerItemProxy */ = {
			isa = PBXContainerItemProxy;
			containerPortal = FF0C8F7324E93BE300DF96A5 /* Project object */;
			proxyType = 1;
			remoteGlobalIDString = FF0C8F7A24E93BE300DF96A5;
			remoteInfo = iWeather;
		};
/* End PBXContainerItemProxy section */

/* Begin PBXFileReference section */
		FF0C8F7B24E93BE300DF96A5 /* iWeather.app */ = {isa = PBXFileReference; explicitFileType = wrapper.application; includeInIndex = 0; path = iWeather.app; sourceTree = BUILT_PRODUCTS_DIR; };
		FF0C8F7E24E93BE300DF96A5 /* AppDelegate.swift */ = {isa = PBXFileReference; lastKnownFileType = sourcecode.swift; path = AppDelegate.swift; sourceTree = "<group>"; };
		FF0C8F8024E93BE300DF96A5 /* SceneDelegate.swift */ = {isa = PBXFileReference; lastKnownFileType = sourcecode.swift; path = SceneDelegate.swift; sourceTree = "<group>"; };
		FF0C8F8224E93BE300DF96A5 /* ContentView.swift */ = {isa = PBXFileReference; lastKnownFileType = sourcecode.swift; path = ContentView.swift; sourceTree = "<group>"; };
		FF0C8F8424E93BE400DF96A5 /* Assets.xcassets */ = {isa = PBXFileReference; lastKnownFileType = folder.assetcatalog; path = Assets.xcassets; sourceTree = "<group>"; };
		FF0C8F8724E93BE400DF96A5 /* Preview Assets.xcassets */ = {isa = PBXFileReference; lastKnownFileType = folder.assetcatalog; path = "Preview Assets.xcassets"; sourceTree = "<group>"; };
		FF0C8F8A24E93BE400DF96A5 /* Base */ = {isa = PBXFileReference; lastKnownFileType = file.storyboard; name = Base; path = Base.lproj/LaunchScreen.storyboard; sourceTree = "<group>"; };
		FF0C8F8C24E93BE400DF96A5 /* Info.plist */ = {isa = PBXFileReference; lastKnownFileType = text.plist.xml; path = Info.plist; sourceTree = "<group>"; };
		FF0C8F9124E93BE400DF96A5 /* iWeatherTests.xctest */ = {isa = PBXFileReference; explicitFileType = wrapper.cfbundle; includeInIndex = 0; path = iWeatherTests.xctest; sourceTree = BUILT_PRODUCTS_DIR; };
		FF0C8F9524E93BE400DF96A5 /* iWeatherTests.swift */ = {isa = PBXFileReference; lastKnownFileType = sourcecode.swift; path = iWeatherTests.swift; sourceTree = "<group>"; };
		FF0C8F9724E93BE400DF96A5 /* Info.plist */ = {isa = PBXFileReference; lastKnownFileType = text.plist.xml; path = Info.plist; sourceTree = "<group>"; };
		FF0C8F9C24E93BE400DF96A5 /* iWeatherUITests.xctest */ = {isa = PBXFileReference; explicitFileType = wrapper.cfbundle; includeInIndex = 0; path = iWeatherUITests.xctest; sourceTree = BUILT_PRODUCTS_DIR; };
		FF0C8FA024E93BE400DF96A5 /* iWeatherUITests.swift */ = {isa = PBXFileReference; lastKnownFileType = sourcecode.swift; path = iWeatherUITests.swift; sourceTree = "<group>"; };
		FF0C8FA224E93BE400DF96A5 /* Info.plist */ = {isa = PBXFileReference; lastKnownFileType = text.plist.xml; path = Info.plist; sourceTree = "<group>"; };
		FF0C8FAE24E93D9800DF96A5 /* iWeather.entitlements */ = {isa = PBXFileReference; lastKnownFileType = text.plist.entitlements; path = iWeather.entitlements; sourceTree = "<group>"; };
		FFEB224F24E943F4002D16E4 /* WeatherStore.swift */ = {isa = PBXFileReference; lastKnownFileType = sourcecode.swift; path = WeatherStore.swift; sourceTree = "<group>"; };
		FFEB225124E9440D002D16E4 /* WeatherViewModel.swift */ = {isa = PBXFileReference; lastKnownFileType = sourcecode.swift; path = WeatherViewModel.swift; sourceTree = "<group>"; };
		FFEB225424E949CA002D16E4 /* weather.json */ = {isa = PBXFileReference; lastKnownFileType = text.json; path = weather.json; sourceTree = "<group>"; };
/* End PBXFileReference section */

/* Begin PBXFrameworksBuildPhase section */
		FF0C8F7824E93BE300DF96A5 /* Frameworks */ = {
			isa = PBXFrameworksBuildPhase;
			buildActionMask = 2147483647;
			files = (
			);
			runOnlyForDeploymentPostprocessing = 0;
		};
		FF0C8F8E24E93BE400DF96A5 /* Frameworks */ = {
			isa = PBXFrameworksBuildPhase;
			buildActionMask = 2147483647;
			files = (
			);
			runOnlyForDeploymentPostprocessing = 0;
		};
		FF0C8F9924E93BE400DF96A5 /* Frameworks */ = {
			isa = PBXFrameworksBuildPhase;
			buildActionMask = 2147483647;
			files = (
			);
			runOnlyForDeploymentPostprocessing = 0;
		};
/* End PBXFrameworksBuildPhase section */

/* Begin PBXGroup section */
		FF0C8F7224E93BE300DF96A5 = {
			isa = PBXGroup;
			children = (
				FF0C8F7D24E93BE300DF96A5 /* iWeather */,
				FF0C8F9424E93BE400DF96A5 /* iWeatherTests */,
				FF0C8F9F24E93BE400DF96A5 /* iWeatherUITests */,
				FF0C8F7C24E93BE300DF96A5 /* Products */,
			);
			sourceTree = "<group>";
		};
		FF0C8F7C24E93BE300DF96A5 /* Products */ = {
			isa = PBXGroup;
			children = (
				FF0C8F7B24E93BE300DF96A5 /* iWeather.app */,
				FF0C8F9124E93BE400DF96A5 /* iWeatherTests.xctest */,
				FF0C8F9C24E93BE400DF96A5 /* iWeatherUITests.xctest */,
			);
			name = Products;
			sourceTree = "<group>";
		};
		FF0C8F7D24E93BE300DF96A5 /* iWeather */ = {
			isa = PBXGroup;
			children = (
				FF0C8FAE24E93D9800DF96A5 /* iWeather.entitlements */,
				FF0C8F7E24E93BE300DF96A5 /* AppDelegate.swift */,
				FF0C8F8024E93BE300DF96A5 /* SceneDelegate.swift */,
				FF0C8F8224E93BE300DF96A5 /* ContentView.swift */,
				FF0C8F8424E93BE400DF96A5 /* Assets.xcassets */,
				FF0C8F8924E93BE400DF96A5 /* LaunchScreen.storyboard */,
				FF0C8F8C24E93BE400DF96A5 /* Info.plist */,
				FF0C8F8624E93BE400DF96A5 /* Preview Content */,
				FFEB224F24E943F4002D16E4 /* WeatherStore.swift */,
				FFEB225124E9440D002D16E4 /* WeatherViewModel.swift */,
			);
			path = iWeather;
			sourceTree = "<group>";
		};
		FF0C8F8624E93BE400DF96A5 /* Preview Content */ = {
			isa = PBXGroup;
			children = (
				FF0C8F8724E93BE400DF96A5 /* Preview Assets.xcassets */,
			);
			path = "Preview Content";
			sourceTree = "<group>";
		};
		FF0C8F9424E93BE400DF96A5 /* iWeatherTests */ = {
			isa = PBXGroup;
			children = (
				FF0C8F9524E93BE400DF96A5 /* iWeatherTests.swift */,
				FF0C8F9724E93BE400DF96A5 /* Info.plist */,
				FFEB225424E949CA002D16E4 /* weather.json */,
			);
			path = iWeatherTests;
			sourceTree = "<group>";
		};
		FF0C8F9F24E93BE400DF96A5 /* iWeatherUITests */ = {
			isa = PBXGroup;
			children = (
				FF0C8FA024E93BE400DF96A5 /* iWeatherUITests.swift */,
				FF0C8FA224E93BE400DF96A5 /* Info.plist */,
			);
			path = iWeatherUITests;
			sourceTree = "<group>";
		};
/* End PBXGroup section */

/* Begin PBXNativeTarget section */
		FF0C8F7A24E93BE300DF96A5 /* iWeather */ = {
			isa = PBXNativeTarget;
			buildConfigurationList = FF0C8FA524E93BE400DF96A5 /* Build configuration list for PBXNativeTarget "iWeather" */;
			buildPhases = (
				FF0C8F7724E93BE300DF96A5 /* Sources */,
				FF0C8F7824E93BE300DF96A5 /* Frameworks */,
				FF0C8F7924E93BE300DF96A5 /* Resources */,
			);
			buildRules = (
			);
			dependencies = (
			);
			name = iWeather;
			productName = iWeather;
			productReference = FF0C8F7B24E93BE300DF96A5 /* iWeather.app */;
			productType = "com.apple.product-type.application";
		};
		FF0C8F9024E93BE400DF96A5 /* iWeatherTests */ = {
			isa = PBXNativeTarget;
			buildConfigurationList = FF0C8FA824E93BE400DF96A5 /* Build configuration list for PBXNativeTarget "iWeatherTests" */;
			buildPhases = (
				FF0C8F8D24E93BE400DF96A5 /* Sources */,
				FF0C8F8E24E93BE400DF96A5 /* Frameworks */,
				FF0C8F8F24E93BE400DF96A5 /* Resources */,
			);
			buildRules = (
			);
			dependencies = (
				FF0C8F9324E93BE400DF96A5 /* PBXTargetDependency */,
			);
			name = iWeatherTests;
			productName = iWeatherTests;
			productReference = FF0C8F9124E93BE400DF96A5 /* iWeatherTests.xctest */;
			productType = "com.apple.product-type.bundle.unit-test";
		};
		FF0C8F9B24E93BE400DF96A5 /* iWeatherUITests */ = {
			isa = PBXNativeTarget;
			buildConfigurationList = FF0C8FAB24E93BE400DF96A5 /* Build configuration list for PBXNativeTarget "iWeatherUITests" */;
			buildPhases = (
				FF0C8F9824E93BE400DF96A5 /* Sources */,
				FF0C8F9924E93BE400DF96A5 /* Frameworks */,
				FF0C8F9A24E93BE400DF96A5 /* Resources */,
			);
			buildRules = (
			);
			dependencies = (
				FF0C8F9E24E93BE400DF96A5 /* PBXTargetDependency */,
			);
			name = iWeatherUITests;
			productName = iWeatherUITests;
			productReference = FF0C8F9C24E93BE400DF96A5 /* iWeatherUITests.xctest */;
			productType = "com.apple.product-type.bundle.ui-testing";
		};
/* End PBXNativeTarget section */

/* Begin PBXProject section */
		FF0C8F7324E93BE300DF96A5 /* Project object */ = {
			isa = PBXProject;
			attributes = {
				LastSwiftUpdateCheck = 1160;
				LastUpgradeCheck = 1160;
				ORGANIZATIONNAME = "Heiko Goes";
				TargetAttributes = {
					FF0C8F7A24E93BE300DF96A5 = {
						CreatedOnToolsVersion = 11.6;
					};
					FF0C8F9024E93BE400DF96A5 = {
						CreatedOnToolsVersion = 11.6;
						TestTargetID = FF0C8F7A24E93BE300DF96A5;
					};
					FF0C8F9B24E93BE400DF96A5 = {
						CreatedOnToolsVersion = 11.6;
						TestTargetID = FF0C8F7A24E93BE300DF96A5;
					};
				};
			};
			buildConfigurationList = FF0C8F7624E93BE300DF96A5 /* Build configuration list for PBXProject "iWeather" */;
			compatibilityVersion = "Xcode 9.3";
			developmentRegion = en;
			hasScannedForEncodings = 0;
			knownRegions = (
				en,
				Base,
			);
			mainGroup = FF0C8F7224E93BE300DF96A5;
			productRefGroup = FF0C8F7C24E93BE300DF96A5 /* Products */;
			projectDirPath = "";
			projectRoot = "";
			targets = (
				FF0C8F7A24E93BE300DF96A5 /* iWeather */,
				FF0C8F9024E93BE400DF96A5 /* iWeatherTests */,
				FF0C8F9B24E93BE400DF96A5 /* iWeatherUITests */,
			);
		};
/* End PBXProject section */

/* Begin PBXResourcesBuildPhase section */
		FF0C8F7924E93BE300DF96A5 /* Resources */ = {
			isa = PBXResourcesBuildPhase;
			buildActionMask = 2147483647;
			files = (
				FF0C8F8B24E93BE400DF96A5 /* LaunchScreen.storyboard in Resources */,
				FF0C8F8824E93BE400DF96A5 /* Preview Assets.xcassets in Resources */,
				FF0C8F8524E93BE400DF96A5 /* Assets.xcassets in Resources */,
			);
			runOnlyForDeploymentPostprocessing = 0;
		};
		FF0C8F8F24E93BE400DF96A5 /* Resources */ = {
			isa = PBXResourcesBuildPhase;
			buildActionMask = 2147483647;
			files = (
				FFEB225524E949CA002D16E4 /* weather.json in Resources */,
			);
			runOnlyForDeploymentPostprocessing = 0;
		};
		FF0C8F9A24E93BE400DF96A5 /* Resources */ = {
			isa = PBXResourcesBuildPhase;
			buildActionMask = 2147483647;
			files = (
			);
			runOnlyForDeploymentPostprocessing = 0;
		};
/* End PBXResourcesBuildPhase section */

/* Begin PBXSourcesBuildPhase section */
		FF0C8F7724E93BE300DF96A5 /* Sources */ = {
			isa = PBXSourcesBuildPhase;
			buildActionMask = 2147483647;
			files = (
				FFEB225224E9440D002D16E4 /* WeatherViewModel.swift in Sources */,
				FF0C8F7F24E93BE300DF96A5 /* AppDelegate.swift in Sources */,
				FF0C8F8124E93BE300DF96A5 /* SceneDelegate.swift in Sources */,
				FFEB225024E943F4002D16E4 /* WeatherStore.swift in Sources */,
				FF0C8F8324E93BE300DF96A5 /* ContentView.swift in Sources */,
			);
			runOnlyForDeploymentPostprocessing = 0;
		};
		FF0C8F8D24E93BE400DF96A5 /* Sources */ = {
			isa = PBXSourcesBuildPhase;
			buildActionMask = 2147483647;
			files = (
				FF0C8F9624E93BE400DF96A5 /* iWeatherTests.swift in Sources */,
				FFEB225324E9440D002D16E4 /* WeatherViewModel.swift in Sources */,
			);
			runOnlyForDeploymentPostprocessing = 0;
		};
		FF0C8F9824E93BE400DF96A5 /* Sources */ = {
			isa = PBXSourcesBuildPhase;
			buildActionMask = 2147483647;
			files = (
				FF0C8FA124E93BE400DF96A5 /* iWeatherUITests.swift in Sources */,
			);
			runOnlyForDeploymentPostprocessing = 0;
		};
/* End PBXSourcesBuildPhase section */

/* Begin PBXTargetDependency section */
		FF0C8F9324E93BE400DF96A5 /* PBXTargetDependency */ = {
			isa = PBXTargetDependency;
			target = FF0C8F7A24E93BE300DF96A5 /* iWeather */;
			targetProxy = FF0C8F9224E93BE400DF96A5 /* PBXContainerItemProxy */;
		};
		FF0C8F9E24E93BE400DF96A5 /* PBXTargetDependency */ = {
			isa = PBXTargetDependency;
			target = FF0C8F7A24E93BE300DF96A5 /* iWeather */;
			targetProxy = FF0C8F9D24E93BE400DF96A5 /* PBXContainerItemProxy */;
		};
/* End PBXTargetDependency section */

/* Begin PBXVariantGroup section */
		FF0C8F8924E93BE400DF96A5 /* LaunchScreen.storyboard */ = {
			isa = PBXVariantGroup;
			children = (
				FF0C8F8A24E93BE400DF96A5 /* Base */,
			);
			name = LaunchScreen.storyboard;
			sourceTree = "<group>";
		};
/* End PBXVariantGroup section */

/* Begin XCBuildConfiguration section */
		FF0C8FA324E93BE400DF96A5 /* Debug */ = {
			isa = XCBuildConfiguration;
			buildSettings = {
				ALWAYS_SEARCH_USER_PATHS = NO;
				CLANG_ANALYZER_NONNULL = YES;
				CLANG_ANALYZER_NUMBER_OBJECT_CONVERSION = YES_AGGRESSIVE;
				CLANG_CXX_LANGUAGE_STANDARD = "gnu++14";
				CLANG_CXX_LIBRARY = "libc++";
				CLANG_ENABLE_MODULES = YES;
				CLANG_ENABLE_OBJC_ARC = YES;
				CLANG_ENABLE_OBJC_WEAK = YES;
				CLANG_WARN_BLOCK_CAPTURE_AUTORELEASING = YES;
				CLANG_WARN_BOOL_CONVERSION = YES;
				CLANG_WARN_COMMA = YES;
				CLANG_WARN_CONSTANT_CONVERSION = YES;
				CLANG_WARN_DEPRECATED_OBJC_IMPLEMENTATIONS = YES;
				CLANG_WARN_DIRECT_OBJC_ISA_USAGE = YES_ERROR;
				CLANG_WARN_DOCUMENTATION_COMMENTS = YES;
				CLANG_WARN_EMPTY_BODY = YES;
				CLANG_WARN_ENUM_CONVERSION = YES;
				CLANG_WARN_INFINITE_RECURSION = YES;
				CLANG_WARN_INT_CONVERSION = YES;
				CLANG_WARN_NON_LITERAL_NULL_CONVERSION = YES;
				CLANG_WARN_OBJC_IMPLICIT_RETAIN_SELF = YES;
				CLANG_WARN_OBJC_LITERAL_CONVERSION = YES;
				CLANG_WARN_OBJC_ROOT_CLASS = YES_ERROR;
				CLANG_WARN_RANGE_LOOP_ANALYSIS = YES;
				CLANG_WARN_STRICT_PROTOTYPES = YES;
				CLANG_WARN_SUSPICIOUS_MOVE = YES;
				CLANG_WARN_UNGUARDED_AVAILABILITY = YES_AGGRESSIVE;
				CLANG_WARN_UNREACHABLE_CODE = YES;
				CLANG_WARN__DUPLICATE_METHOD_MATCH = YES;
				COPY_PHASE_STRIP = NO;
				DEBUG_INFORMATION_FORMAT = dwarf;
				ENABLE_STRICT_OBJC_MSGSEND = YES;
				ENABLE_TESTABILITY = YES;
				GCC_C_LANGUAGE_STANDARD = gnu11;
				GCC_DYNAMIC_NO_PIC = NO;
				GCC_NO_COMMON_BLOCKS = YES;
				GCC_OPTIMIZATION_LEVEL = 0;
				GCC_PREPROCESSOR_DEFINITIONS = (
					"DEBUG=1",
					"$(inherited)",
				);
				GCC_WARN_64_TO_32_BIT_CONVERSION = YES;
				GCC_WARN_ABOUT_RETURN_TYPE = YES_ERROR;
				GCC_WARN_UNDECLARED_SELECTOR = YES;
				GCC_WARN_UNINITIALIZED_AUTOS = YES_AGGRESSIVE;
				GCC_WARN_UNUSED_FUNCTION = YES;
				GCC_WARN_UNUSED_VARIABLE = YES;
				IPHONEOS_DEPLOYMENT_TARGET = 13.6;
				MTL_ENABLE_DEBUG_INFO = INCLUDE_SOURCE;
				MTL_FAST_MATH = YES;
				ONLY_ACTIVE_ARCH = YES;
				SDKROOT = iphoneos;
				SWIFT_ACTIVE_COMPILATION_CONDITIONS = DEBUG;
				SWIFT_OPTIMIZATION_LEVEL = "-Onone";
			};
			name = Debug;
		};
		FF0C8FA424E93BE400DF96A5 /* Release */ = {
			isa = XCBuildConfiguration;
			buildSettings = {
				ALWAYS_SEARCH_USER_PATHS = NO;
				CLANG_ANALYZER_NONNULL = YES;
				CLANG_ANALYZER_NUMBER_OBJECT_CONVERSION = YES_AGGRESSIVE;
				CLANG_CXX_LANGUAGE_STANDARD = "gnu++14";
				CLANG_CXX_LIBRARY = "libc++";
				CLANG_ENABLE_MODULES = YES;
				CLANG_ENABLE_OBJC_ARC = YES;
				CLANG_ENABLE_OBJC_WEAK = YES;
				CLANG_WARN_BLOCK_CAPTURE_AUTORELEASING = YES;
				CLANG_WARN_BOOL_CONVERSION = YES;
				CLANG_WARN_COMMA = YES;
				CLANG_WARN_CONSTANT_CONVERSION = YES;
				CLANG_WARN_DEPRECATED_OBJC_IMPLEMENTATIONS = YES;
				CLANG_WARN_DIRECT_OBJC_ISA_USAGE = YES_ERROR;
				CLANG_WARN_DOCUMENTATION_COMMENTS = YES;
				CLANG_WARN_EMPTY_BODY = YES;
				CLANG_WARN_ENUM_CONVERSION = YES;
				CLANG_WARN_INFINITE_RECURSION = YES;
				CLANG_WARN_INT_CONVERSION = YES;
				CLANG_WARN_NON_LITERAL_NULL_CONVERSION = YES;
				CLANG_WARN_OBJC_IMPLICIT_RETAIN_SELF = YES;
				CLANG_WARN_OBJC_LITERAL_CONVERSION = YES;
				CLANG_WARN_OBJC_ROOT_CLASS = YES_ERROR;
				CLANG_WARN_RANGE_LOOP_ANALYSIS = YES;
				CLANG_WARN_STRICT_PROTOTYPES = YES;
				CLANG_WARN_SUSPICIOUS_MOVE = YES;
				CLANG_WARN_UNGUARDED_AVAILABILITY = YES_AGGRESSIVE;
				CLANG_WARN_UNREACHABLE_CODE = YES;
				CLANG_WARN__DUPLICATE_METHOD_MATCH = YES;
				COPY_PHASE_STRIP = NO;
				DEBUG_INFORMATION_FORMAT = "dwarf-with-dsym";
				ENABLE_NS_ASSERTIONS = NO;
				ENABLE_STRICT_OBJC_MSGSEND = YES;
				GCC_C_LANGUAGE_STANDARD = gnu11;
				GCC_NO_COMMON_BLOCKS = YES;
				GCC_WARN_64_TO_32_BIT_CONVERSION = YES;
				GCC_WARN_ABOUT_RETURN_TYPE = YES_ERROR;
				GCC_WARN_UNDECLARED_SELECTOR = YES;
				GCC_WARN_UNINITIALIZED_AUTOS = YES_AGGRESSIVE;
				GCC_WARN_UNUSED_FUNCTION = YES;
				GCC_WARN_UNUSED_VARIABLE = YES;
				IPHONEOS_DEPLOYMENT_TARGET = 13.6;
				MTL_ENABLE_DEBUG_INFO = NO;
				MTL_FAST_MATH = YES;
				SDKROOT = iphoneos;
				SWIFT_COMPILATION_MODE = wholemodule;
				SWIFT_OPTIMIZATION_LEVEL = "-O";
				VALIDATE_PRODUCT = YES;
			};
			name = Release;
		};
		FF0C8FA624E93BE400DF96A5 /* Debug */ = {
			isa = XCBuildConfiguration;
			buildSettings = {
				ASSETCATALOG_COMPILER_APPICON_NAME = AppIcon;
				CODE_SIGN_ENTITLEMENTS = iWeather/iWeather.entitlements;
				CODE_SIGN_STYLE = Automatic;
				DEVELOPMENT_ASSET_PATHS = "\"iWeather/Preview Content\"";
				DEVELOPMENT_TEAM = MDYGK73495;
				ENABLE_PREVIEWS = YES;
				INFOPLIST_FILE = iWeather/Info.plist;
				LD_RUNPATH_SEARCH_PATHS = (
					"$(inherited)",
					"@executable_path/Frameworks",
				);
				PRODUCT_BUNDLE_IDENTIFIER = de.gaebler.goes.iWeather;
				PRODUCT_NAME = "$(TARGET_NAME)";
				SUPPORTS_MACCATALYST = YES;
				SWIFT_VERSION = 5.0;
				TARGETED_DEVICE_FAMILY = "1,2";
			};
			name = Debug;
		};
		FF0C8FA724E93BE400DF96A5 /* Release */ = {
			isa = XCBuildConfiguration;
			buildSettings = {
				ASSETCATALOG_COMPILER_APPICON_NAME = AppIcon;
				CODE_SIGN_ENTITLEMENTS = iWeather/iWeather.entitlements;
				CODE_SIGN_STYLE = Automatic;
				DEVELOPMENT_ASSET_PATHS = "\"iWeather/Preview Content\"";
				DEVELOPMENT_TEAM = MDYGK73495;
				ENABLE_PREVIEWS = YES;
				INFOPLIST_FILE = iWeather/Info.plist;
				LD_RUNPATH_SEARCH_PATHS = (
					"$(inherited)",
					"@executable_path/Frameworks",
				);
				PRODUCT_BUNDLE_IDENTIFIER = de.gaebler.goes.iWeather;
				PRODUCT_NAME = "$(TARGET_NAME)";
				SUPPORTS_MACCATALYST = YES;
				SWIFT_VERSION = 5.0;
				TARGETED_DEVICE_FAMILY = "1,2";
			};
			name = Release;
		};
		FF0C8FA924E93BE400DF96A5 /* Debug */ = {
			isa = XCBuildConfiguration;
			buildSettings = {
				ALWAYS_EMBED_SWIFT_STANDARD_LIBRARIES = YES;
				BUNDLE_LOADER = "$(TEST_HOST)";
				CODE_SIGN_STYLE = Automatic;
				DEVELOPMENT_TEAM = MDYGK73495;
				INFOPLIST_FILE = iWeatherTests/Info.plist;
				IPHONEOS_DEPLOYMENT_TARGET = 13.6;
				LD_RUNPATH_SEARCH_PATHS = (
					"$(inherited)",
					"@executable_path/Frameworks",
					"@loader_path/Frameworks",
				);
				PRODUCT_BUNDLE_IDENTIFIER = de.gaebler.goes.iWeatherTests;
				PRODUCT_NAME = "$(TARGET_NAME)";
				SWIFT_VERSION = 5.0;
				TARGETED_DEVICE_FAMILY = "1,2";
				TEST_HOST = "$(BUILT_PRODUCTS_DIR)/iWeather.app/iWeather";
			};
			name = Debug;
		};
		FF0C8FAA24E93BE400DF96A5 /* Release */ = {
			isa = XCBuildConfiguration;
			buildSettings = {
				ALWAYS_EMBED_SWIFT_STANDARD_LIBRARIES = YES;
				BUNDLE_LOADER = "$(TEST_HOST)";
				CODE_SIGN_STYLE = Automatic;
				DEVELOPMENT_TEAM = MDYGK73495;
				INFOPLIST_FILE = iWeatherTests/Info.plist;
				IPHONEOS_DEPLOYMENT_TARGET = 13.6;
				LD_RUNPATH_SEARCH_PATHS = (
					"$(inherited)",
					"@executable_path/Frameworks",
					"@loader_path/Frameworks",
				);
				PRODUCT_BUNDLE_IDENTIFIER = de.gaebler.goes.iWeatherTests;
				PRODUCT_NAME = "$(TARGET_NAME)";
				SWIFT_VERSION = 5.0;
				TARGETED_DEVICE_FAMILY = "1,2";
				TEST_HOST = "$(BUILT_PRODUCTS_DIR)/iWeather.app/iWeather";
			};
			name = Release;
		};
		FF0C8FAC24E93BE400DF96A5 /* Debug */ = {
			isa = XCBuildConfiguration;
			buildSettings = {
				ALWAYS_EMBED_SWIFT_STANDARD_LIBRARIES = YES;
				CODE_SIGN_STYLE = Automatic;
				DEVELOPMENT_TEAM = MDYGK73495;
				INFOPLIST_FILE = iWeatherUITests/Info.plist;
				LD_RUNPATH_SEARCH_PATHS = (
					"$(inherited)",
					"@executable_path/Frameworks",
					"@loader_path/Frameworks",
				);
				PRODUCT_BUNDLE_IDENTIFIER = de.gaebler.goes.iWeatherUITests;
				PRODUCT_NAME = "$(TARGET_NAME)";
				SWIFT_VERSION = 5.0;
				TARGETED_DEVICE_FAMILY = "1,2";
				TEST_TARGET_NAME = iWeather;
			};
			name = Debug;
		};
		FF0C8FAD24E93BE400DF96A5 /* Release */ = {
			isa = XCBuildConfiguration;
			buildSettings = {
				ALWAYS_EMBED_SWIFT_STANDARD_LIBRARIES = YES;
				CODE_SIGN_STYLE = Automatic;
				DEVELOPMENT_TEAM = MDYGK73495;
				INFOPLIST_FILE = iWeatherUITests/Info.plist;
				LD_RUNPATH_SEARCH_PATHS = (
					"$(inherited)",
					"@executable_path/Frameworks",
					"@loader_path/Frameworks",
				);
				PRODUCT_BUNDLE_IDENTIFIER = de.gaebler.goes.iWeatherUITests;
				PRODUCT_NAME = "$(TARGET_NAME)";
				SWIFT_VERSION = 5.0;
				TARGETED_DEVICE_FAMILY = "1,2";
				TEST_TARGET_NAME = iWeather;
			};
			name = Release;
		};
/* End XCBuildConfiguration section */

/* Begin XCConfigurationList section */
		FF0C8F7624E93BE300DF96A5 /* Build configuration list for PBXProject "iWeather" */ = {
			isa = XCConfigurationList;
			buildConfigurations = (
				FF0C8FA324E93BE400DF96A5 /* Debug */,
				FF0C8FA424E93BE400DF96A5 /* Release */,
			);
			defaultConfigurationIsVisible = 0;
			defaultConfigurationName = Release;
		};
		FF0C8FA524E93BE400DF96A5 /* Build configuration list for PBXNativeTarget "iWeather" */ = {
			isa = XCConfigurationList;
			buildConfigurations = (
				FF0C8FA624E93BE400DF96A5 /* Debug */,
				FF0C8FA724E93BE400DF96A5 /* Release */,
			);
			defaultConfigurationIsVisible = 0;
			defaultConfigurationName = Release;
		};
		FF0C8FA824E93BE400DF96A5 /* Build configuration list for PBXNativeTarget "iWeatherTests" */ = {
			isa = XCConfigurationList;
			buildConfigurations = (
				FF0C8FA924E93BE400DF96A5 /* Debug */,
				FF0C8FAA24E93BE400DF96A5 /* Release */,
			);
			defaultConfigurationIsVisible = 0;
			defaultConfigurationName = Release;
		};
		FF0C8FAB24E93BE400DF96A5 /* Build configuration list for PBXNativeTarget "iWeatherUITests" */ = {
			isa = XCConfigurationList;
			buildConfigurations = (
				FF0C8FAC24E93BE400DF96A5 /* Debug */,
				FF0C8FAD24E93BE400DF96A5 /* Release */,
			);
			defaultConfigurationIsVisible = 0;
			defaultConfigurationName = Release;
		};
/* End XCConfigurationList section */
	};
	rootObject = FF0C8F7324E93BE300DF96A5 /* Project object */;
}
